
Microsoft Visual Studio Solution File, Format Version 12.00
# Visual Studio Version 16
VisualStudioVersion = 16.0.32228.343
MinimumVisualStudioVersion = 10.0.40219.1
Project("{FAE04EC0-301F-11D3-BF4B-00C04F79EFBC}") = "UserServices", "UserServices\UserServices.csproj", "{CF3BED9A-2451-40B9-B92C-E653B5193AA9}"
EndProject
Project("{FAE04EC0-301F-11D3-BF4B-00C04F79EFBC}") = "ApiGateway", "ApiGateway\ApiGateway.csproj", "{AD58188F-E80D-4C65-8224-5924A8AB0B71}"
EndProject
Global
	GlobalSection(SolutionConfigurationPlatforms) = preSolution
		Debug|Any CPU = Debug|Any CPU
		Release|Any CPU = Release|Any CPU
	EndGlobalSection
	GlobalSection(ProjectConfigurationPlatforms) = postSolution
		{CF3BED9A-2451-40B9-B92C-E653B5193AA9}.Debug|Any CPU.ActiveCfg = Debug|Any CPU
		{CF3BED9A-2451-40B9-B92C-E653B5193AA9}.Debug|Any CPU.Build.0 = Debug|Any CPU
		{CF3BED9A-2451-40B9-B92C-E653B5193AA9}.Release|Any CPU.ActiveCfg = Release|Any CPU
		{CF3BED9A-2451-40B9-B92C-E653B5193AA9}.Release|Any CPU.Build.0 = Release|Any CPU
		{AD58188F-E80D-4C65-8224-5924A8AB0B71}.Debug|Any CPU.ActiveCfg = Debug|Any CPU
		{AD58188F-E80D-4C65-8224-5924A8AB0B71}.Debug|Any CPU.Build.0 = Debug|Any CPU
		{AD58188F-E80D-4C65-8224-5924A8AB0B71}.Release|Any CPU.ActiveCfg = Release|Any CPU
		{AD58188F-E80D-4C65-8224-5924A8AB0B71}.Release|Any CPU.Build.0 = Release|Any CPU
	EndGlobalSection
	GlobalSection(SolutionProperties) = preSolution
		HideSolutionNode = FALSE
	EndGlobalSection
	GlobalSection(ExtensibilityGlobals) = postSolution
		SolutionGuid = {9F84DC68-6CC6-4AE1-9E00-F852A9C7012F}
	EndGlobalSection
EndGlobal
